
Microsoft Visual Studio Solution File, Format Version 12.00
# Visual Studio Version 16
VisualStudioVersion = 16.0.31025.194
MinimumVisualStudioVersion = 10.0.40219.1
Project("{9A19103F-16F7-4668-BE54-9A1E7A4F7556}") = "SearchByName", "SearchByName\SearchByName.csproj", "{99B25D6C-F1B7-4689-9FB3-7ECB0051998C}"
EndProject
Project("{FAE04EC0-301F-11D3-BF4B-00C04F79EFBC}") = "Entities", "Entities\Entities.csproj", "{2BAE989C-0F2A-4157-9715-ABBD3B59758A}"
EndProject
Project("{FAE04EC0-301F-11D3-BF4B-00C04F79EFBC}") = "DataAccess", "DataAccess\DataAccess.csproj", "{AABC48CF-3E10-4BCB-9D20-BFC05201772D}"
EndProject
Global
	GlobalSection(SolutionConfigurationPlatforms) = preSolution
		Debug|Any CPU = Debug|Any CPU
		Release|Any CPU = Release|Any CPU
	EndGlobalSection
	GlobalSection(ProjectConfigurationPlatforms) = postSolution
		{99B25D6C-F1B7-4689-9FB3-7ECB0051998C}.Debug|Any CPU.ActiveCfg = Debug|Any CPU
		{99B25D6C-F1B7-4689-9FB3-7ECB0051998C}.Debug|Any CPU.Build.0 = Debug|Any CPU
		{99B25D6C-F1B7-4689-9FB3-7ECB0051998C}.Release|Any CPU.ActiveCfg = Release|Any CPU
		{99B25D6C-F1B7-4689-9FB3-7ECB0051998C}.Release|Any CPU.Build.0 = Release|Any CPU
		{2BAE989C-0F2A-4157-9715-ABBD3B59758A}.Debug|Any CPU.ActiveCfg = Debug|Any CPU
		{2BAE989C-0F2A-4157-9715-ABBD3B59758A}.Debug|Any CPU.Build.0 = Debug|Any CPU
		{2BAE989C-0F2A-4157-9715-ABBD3B59758A}.Release|Any CPU.ActiveCfg = Release|Any CPU
		{2BAE989C-0F2A-4157-9715-ABBD3B59758A}.Release|Any CPU.Build.0 = Release|Any CPU
		{AABC48CF-3E10-4BCB-9D20-BFC05201772D}.Debug|Any CPU.ActiveCfg = Debug|Any CPU
		{AABC48CF-3E10-4BCB-9D20-BFC05201772D}.Debug|Any CPU.Build.0 = Debug|Any CPU
		{AABC48CF-3E10-4BCB-9D20-BFC05201772D}.Release|Any CPU.ActiveCfg = Release|Any CPU
		{AABC48CF-3E10-4BCB-9D20-BFC05201772D}.Release|Any CPU.Build.0 = Release|Any CPU
	EndGlobalSection
	GlobalSection(SolutionProperties) = preSolution
		HideSolutionNode = FALSE
	EndGlobalSection
	GlobalSection(ExtensibilityGlobals) = postSolution
		SolutionGuid = {A7E7C8B9-83BF-4745-8226-359D3123C1C5}
	EndGlobalSection
EndGlobal
